// !$*UTF8*$!
{
	archiveVersion = 1;
	classes = {
	};
	objectVersion = 50;
	objects = {

/* Begin PBXBuildFile section */
		67C1DE4824C7D6E500C36EEC /* AppDelegate.swift in Sources */ = {isa = PBXBuildFile; fileRef = 67C1DE4724C7D6E500C36EEC /* AppDelegate.swift */; };
		67C1DE4A24C7D6E500C36EEC /* SceneDelegate.swift in Sources */ = {isa = PBXBuildFile; fileRef = 67C1DE4924C7D6E500C36EEC /* SceneDelegate.swift */; };
		67C1DE4C24C7D6E500C36EEC /* ViewController.swift in Sources */ = {isa = PBXBuildFile; fileRef = 67C1DE4B24C7D6E500C36EEC /* ViewController.swift */; };
		67C1DE4F24C7D6E500C36EEC /* Main.storyboard in Resources */ = {isa = PBXBuildFile; fileRef = 67C1DE4D24C7D6E500C36EEC /* Main.storyboard */; };
		67C1DE5124C7D6E700C36EEC /* Assets.xcassets in Resources */ = {isa = PBXBuildFile; fileRef = 67C1DE5024C7D6E700C36EEC /* Assets.xcassets */; };
		67C1DE5424C7D6E700C36EEC /* LaunchScreen.storyboard in Resources */ = {isa = PBXBuildFile; fileRef = 67C1DE5224C7D6E700C36EEC /* LaunchScreen.storyboard */; };
/* End PBXBuildFile section */

/* Begin PBXFileReference section */
		67C1DE4424C7D6E500C36EEC /* YouChooseNews.app */ = {isa = PBXFileReference; explicitFileType = wrapper.application; includeInIndex = 0; path = YouChooseNews.app; sourceTree = BUILT_PRODUCTS_DIR; };
		67C1DE4724C7D6E500C36EEC /* AppDelegate.swift */ = {isa = PBXFileReference; lastKnownFileType = sourcecode.swift; path = AppDelegate.swift; sourceTree = "<group>"; };
		67C1DE4924C7D6E500C36EEC /* SceneDelegate.swift */ = {isa = PBXFileReference; lastKnownFileType = sourcecode.swift; path = SceneDelegate.swift; sourceTree = "<group>"; };
		67C1DE4B24C7D6E500C36EEC /* ViewController.swift */ = {isa = PBXFileReference; lastKnownFileType = sourcecode.swift; path = ViewController.swift; sourceTree = "<group>"; };
		67C1DE4E24C7D6E500C36EEC /* Base */ = {isa = PBXFileReference; lastKnownFileType = file.storyboard; name = Base; path = Base.lproj/Main.storyboard; sourceTree = "<group>"; };
		67C1DE5024C7D6E700C36EEC /* Assets.xcassets */ = {isa = PBXFileReference; lastKnownFileType = folder.assetcatalog; path = Assets.xcassets; sourceTree = "<group>"; };
		67C1DE5324C7D6E700C36EEC /* Base */ = {isa = PBXFileReference; lastKnownFileType = file.storyboard; name = Base; path = Base.lproj/LaunchScreen.storyboard; sourceTree = "<group>"; };
		67C1DE5524C7D6E700C36EEC /* Info.plist */ = {isa = PBXFileReference; lastKnownFileType = text.plist.xml; path = Info.plist; sourceTree = "<group>"; };
/* End PBXFileReference section */

/* Begin PBXFrameworksBuildPhase section */
		67C1DE4124C7D6E500C36EEC /* Frameworks */ = {
			isa = PBXFrameworksBuildPhase;
			buildActionMask = 2147483647;
			files = (
			);
			runOnlyForDeploymentPostprocessing = 0;
		};
/* End PBXFrameworksBuildPhase section */

/* Begin PBXGroup section */
		67C1DE3B24C7D6E400C36EEC = {
			isa = PBXGroup;
			children = (
				67C1DE4624C7D6E500C36EEC /* YouChooseNews */,
				67C1DE4524C7D6E500C36EEC /* Products */,
			);
			sourceTree = "<group>";
		};
		67C1DE4524C7D6E500C36EEC /* Products */ = {
			isa = PBXGroup;
			children = (
				67C1DE4424C7D6E500C36EEC /* YouChooseNews.app */,
			);
			name = Products;
			sourceTree = "<group>";
		};
		67C1DE4624C7D6E500C36EEC /* YouChooseNews */ = {
			isa = PBXGroup;
			children = (
				67C1DE4724C7D6E500C36EEC /* AppDelegate.swift */,
				67C1DE4924C7D6E500C36EEC /* SceneDelegate.swift */,
				67C1DE4B24C7D6E500C36EEC /* ViewController.swift */,
				67C1DE4D24C7D6E500C36EEC /* Main.storyboard */,
				67C1DE5024C7D6E700C36EEC /* Assets.xcassets */,
				67C1DE5224C7D6E700C36EEC /* LaunchScreen.storyboard */,
				67C1DE5524C7D6E700C36EEC /* Info.plist */,
			);
			path = YouChooseNews;
			sourceTree = "<group>";
		};
/* End PBXGroup section */

/* Begin PBXNativeTarget section */
		67C1DE4324C7D6E500C36EEC /* YouChooseNews */ = {
			isa = PBXNativeTarget;
			buildConfigurationList = 67C1DE5824C7D6E700C36EEC /* Build configuration list for PBXNativeTarget "YouChooseNews" */;
			buildPhases = (
				67C1DE4024C7D6E500C36EEC /* Sources */,
				67C1DE4124C7D6E500C36EEC /* Frameworks */,
				67C1DE4224C7D6E500C36EEC /* Resources */,
			);
			buildRules = (
			);
			dependencies = (
			);
			name = YouChooseNews;
			productName = YouChooseNews;
			productReference = 67C1DE4424C7D6E500C36EEC /* YouChooseNews.app */;
			productType = "com.apple.product-type.application";
		};
/* End PBXNativeTarget section */

/* Begin PBXProject section */
		67C1DE3C24C7D6E400C36EEC /* Project object */ = {
			isa = PBXProject;
			attributes = {
				LastSwiftUpdateCheck = 1160;
				LastUpgradeCheck = 1160;
				ORGANIZATIONNAME = "Taylor Patterson";
				TargetAttributes = {
					67C1DE4324C7D6E500C36EEC = {
						CreatedOnToolsVersion = 11.6;
					};
				};
			};
			buildConfigurationList = 67C1DE3F24C7D6E400C36EEC /* Build configuration list for PBXProject "YouChooseNews" */;
			compatibilityVersion = "Xcode 9.3";
			developmentRegion = en;
			hasScannedForEncodings = 0;
			knownRegions = (
				en,
				Base,
			);
			mainGroup = 67C1DE3B24C7D6E400C36EEC;
			productRefGroup = 67C1DE4524C7D6E500C36EEC /* Products */;
			projectDirPath = "";
			projectRoot = "";
			targets = (
				67C1DE4324C7D6E500C36EEC /* YouChooseNews */,
			);
		};
/* End PBXProject section */

/* Begin PBXResourcesBuildPhase section */
		67C1DE4224C7D6E500C36EEC /* Resources */ = {
			isa = PBXResourcesBuildPhase;
			buildActionMask = 2147483647;
			files = (
				67C1DE5424C7D6E700C36EEC /* LaunchScreen.storyboard in Resources */,
				67C1DE5124C7D6E700C36EEC /* Assets.xcassets in Resources */,
				67C1DE4F24C7D6E500C36EEC /* Main.storyboard in Resources */,
			);
			runOnlyForDeploymentPostprocessing = 0;
		};
/* End PBXResourcesBuildPhase section */

/* Begin PBXSourcesBuildPhase section */
		67C1DE4024C7D6E500C36EEC /* Sources */ = {
			isa = PBXSourcesBuildPhase;
			buildActionMask = 2147483647;
			files = (
				67C1DE4C24C7D6E500C36EEC /* ViewController.swift in Sources */,
				67C1DE4824C7D6E500C36EEC /* AppDelegate.swift in Sources */,
				67C1DE4A24C7D6E500C36EEC /* SceneDelegate.swift in Sources */,
			);
			runOnlyForDeploymentPostprocessing = 0;
		};
/* End PBXSourcesBuildPhase section */

/* Begin PBXVariantGroup section */
		67C1DE4D24C7D6E500C36EEC /* Main.storyboard */ = {
			isa = PBXVariantGroup;
			children = (
				67C1DE4E24C7D6E500C36EEC /* Base */,
			);
			name = Main.storyboard;
			sourceTree = "<group>";
		};
		67C1DE5224C7D6E700C36EEC /* LaunchScreen.storyboard */ = {
			isa = PBXVariantGroup;
			children = (
				67C1DE5324C7D6E700C36EEC /* Base */,
			);
			name = LaunchScreen.storyboard;
			sourceTree = "<group>";
		};
/* End PBXVariantGroup section */

/* Begin XCBuildConfiguration section */
		67C1DE5624C7D6E700C36EEC /* Debug */ = {
			isa = XCBuildConfiguration;
			buildSettings = {
				ALWAYS_SEARCH_USER_PATHS = NO;
				CLANG_ANALYZER_NONNULL = YES;
				CLANG_ANALYZER_NUMBER_OBJECT_CONVERSION = YES_AGGRESSIVE;
				CLANG_CXX_LANGUAGE_STANDARD = "gnu++14";
				CLANG_CXX_LIBRARY = "libc++";
				CLANG_ENABLE_MODULES = YES;
				CLANG_ENABLE_OBJC_ARC = YES;
				CLANG_ENABLE_OBJC_WEAK = YES;
				CLANG_WARN_BLOCK_CAPTURE_AUTORELEASING = YES;
				CLANG_WARN_BOOL_CONVERSION = YES;
				CLANG_WARN_COMMA = YES;
				CLANG_WARN_CONSTANT_CONVERSION = YES;
				CLANG_WARN_DEPRECATED_OBJC_IMPLEMENTATIONS = YES;
				CLANG_WARN_DIRECT_OBJC_ISA_USAGE = YES_ERROR;
				CLANG_WARN_DOCUMENTATION_COMMENTS = YES;
				CLANG_WARN_EMPTY_BODY = YES;
				CLANG_WARN_ENUM_CONVERSION = YES;
				CLANG_WARN_INFINITE_RECURSION = YES;
				CLANG_WARN_INT_CONVERSION = YES;
				CLANG_WARN_NON_LITERAL_NULL_CONVERSION = YES;
				CLANG_WARN_OBJC_IMPLICIT_RETAIN_SELF = YES;
				CLANG_WARN_OBJC_LITERAL_CONVERSION = YES;
				CLANG_WARN_OBJC_ROOT_CLASS = YES_ERROR;
				CLANG_WARN_RANGE_LOOP_ANALYSIS = YES;
				CLANG_WARN_STRICT_PROTOTYPES = YES;
				CLANG_WARN_SUSPICIOUS_MOVE = YES;
				CLANG_WARN_UNGUARDED_AVAILABILITY = YES_AGGRESSIVE;
				CLANG_WARN_UNREACHABLE_CODE = YES;
				CLANG_WARN__DUPLICATE_METHOD_MATCH = YES;
				COPY_PHASE_STRIP = NO;
				DEBUG_INFORMATION_FORMAT = dwarf;
				ENABLE_STRICT_OBJC_MSGSEND = YES;
				ENABLE_TESTABILITY = YES;
				GCC_C_LANGUAGE_STANDARD = gnu11;
				GCC_DYNAMIC_NO_PIC = NO;
				GCC_NO_COMMON_BLOCKS = YES;
				GCC_OPTIMIZATION_LEVEL = 0;
				GCC_PREPROCESSOR_DEFINITIONS = (
					"DEBUG=1",
					"$(inherited)",
				);
				GCC_WARN_64_TO_32_BIT_CONVERSION = YES;
				GCC_WARN_ABOUT_RETURN_TYPE = YES_ERROR;
				GCC_WARN_UNDECLARED_SELECTOR = YES;
				GCC_WARN_UNINITIALIZED_AUTOS = YES_AGGRESSIVE;
				GCC_WARN_UNUSED_FUNCTION = YES;
				GCC_WARN_UNUSED_VARIABLE = YES;
				IPHONEOS_DEPLOYMENT_TARGET = 13.6;
				MTL_ENABLE_DEBUG_INFO = INCLUDE_SOURCE;
				MTL_FAST_MATH = YES;
				ONLY_ACTIVE_ARCH = YES;
				SDKROOT = iphoneos;
				SWIFT_ACTIVE_COMPILATION_CONDITIONS = DEBUG;
				SWIFT_OPTIMIZATION_LEVEL = "-Onone";
			};
			name = Debug;
		};
		67C1DE5724C7D6E700C36EEC /* Release */ = {
			isa = XCBuildConfiguration;
			buildSettings = {
				ALWAYS_SEARCH_USER_PATHS = NO;
				CLANG_ANALYZER_NONNULL = YES;
				CLANG_ANALYZER_NUMBER_OBJECT_CONVERSION = YES_AGGRESSIVE;
				CLANG_CXX_LANGUAGE_STANDARD = "gnu++14";
				CLANG_CXX_LIBRARY = "libc++";
				CLANG_ENABLE_MODULES = YES;
				CLANG_ENABLE_OBJC_ARC = YES;
				CLANG_ENABLE_OBJC_WEAK = YES;
				CLANG_WARN_BLOCK_CAPTURE_AUTORELEASING = YES;
				CLANG_WARN_BOOL_CONVERSION = YES;
				CLANG_WARN_COMMA = YES;
				CLANG_WARN_CONSTANT_CONVERSION = YES;
				CLANG_WARN_DEPRECATED_OBJC_IMPLEMENTATIONS = YES;
				CLANG_WARN_DIRECT_OBJC_ISA_USAGE = YES_ERROR;
				CLANG_WARN_DOCUMENTATION_COMMENTS = YES;
				CLANG_WARN_EMPTY_BODY = YES;
				CLANG_WARN_ENUM_CONVERSION = YES;
				CLANG_WARN_INFINITE_RECURSION = YES;
				CLANG_WARN_INT_CONVERSION = YES;
				CLANG_WARN_NON_LITERAL_NULL_CONVERSION = YES;
				CLANG_WARN_OBJC_IMPLICIT_RETAIN_SELF = YES;
				CLANG_WARN_OBJC_LITERAL_CONVERSION = YES;
				CLANG_WARN_OBJC_ROOT_CLASS = YES_ERROR;
				CLANG_WARN_RANGE_LOOP_ANALYSIS = YES;
				CLANG_WARN_STRICT_PROTOTYPES = YES;
				CLANG_WARN_SUSPICIOUS_MOVE = YES;
				CLANG_WARN_UNGUARDED_AVAILABILITY = YES_AGGRESSIVE;
				CLANG_WARN_UNREACHABLE_CODE = YES;
				CLANG_WARN__DUPLICATE_METHOD_MATCH = YES;
				COPY_PHASE_STRIP = NO;
				DEBUG_INFORMATION_FORMAT = "dwarf-with-dsym";
				ENABLE_NS_ASSERTIONS = NO;
				ENABLE_STRICT_OBJC_MSGSEND = YES;
				GCC_C_LANGUAGE_STANDARD = gnu11;
				GCC_NO_COMMON_BLOCKS = YES;
				GCC_WARN_64_TO_32_BIT_CONVERSION = YES;
				GCC_WARN_ABOUT_RETURN_TYPE = YES_ERROR;
				GCC_WARN_UNDECLARED_SELECTOR = YES;
				GCC_WARN_UNINITIALIZED_AUTOS = YES_AGGRESSIVE;
				GCC_WARN_UNUSED_FUNCTION = YES;
				GCC_WARN_UNUSED_VARIABLE = YES;
				IPHONEOS_DEPLOYMENT_TARGET = 13.6;
				MTL_ENABLE_DEBUG_INFO = NO;
				MTL_FAST_MATH = YES;
				SDKROOT = iphoneos;
				SWIFT_COMPILATION_MODE = wholemodule;
				SWIFT_OPTIMIZATION_LEVEL = "-O";
				VALIDATE_PRODUCT = YES;
			};
			name = Release;
		};
		67C1DE5924C7D6E700C36EEC /* Debug */ = {
			isa = XCBuildConfiguration;
			buildSettings = {
				ASSETCATALOG_COMPILER_APPICON_NAME = AppIcon;
				CODE_SIGN_STYLE = Automatic;
				DEVELOPMENT_TEAM = D73DG79L79;
				INFOPLIST_FILE = YouChooseNews/Info.plist;
				LD_RUNPATH_SEARCH_PATHS = (
					"$(inherited)",
					"@executable_path/Frameworks",
				);
				PRODUCT_BUNDLE_IDENTIFIER = dev.taylorpatterson.YouChooseNews;
				PRODUCT_NAME = "$(TARGET_NAME)";
				SWIFT_VERSION = 5.0;
				TARGETED_DEVICE_FAMILY = "1,2";
			};
			name = Debug;
		};
		67C1DE5A24C7D6E700C36EEC /* Release */ = {
			isa = XCBuildConfiguration;
			buildSettings = {
				ASSETCATALOG_COMPILER_APPICON_NAME = AppIcon;
				CODE_SIGN_STYLE = Automatic;
				DEVELOPMENT_TEAM = D73DG79L79;
				INFOPLIST_FILE = YouChooseNews/Info.plist;
				LD_RUNPATH_SEARCH_PATHS = (
					"$(inherited)",
					"@executable_path/Frameworks",
				);
				PRODUCT_BUNDLE_IDENTIFIER = dev.taylorpatterson.YouChooseNews;
				PRODUCT_NAME = "$(TARGET_NAME)";
				SWIFT_VERSION = 5.0;
				TARGETED_DEVICE_FAMILY = "1,2";
			};
			name = Release;
		};
/* End XCBuildConfiguration section */

/* Begin XCConfigurationList section */
		67C1DE3F24C7D6E400C36EEC /* Build configuration list for PBXProject "YouChooseNews" */ = {
			isa = XCConfigurationList;
			buildConfigurations = (
				67C1DE5624C7D6E700C36EEC /* Debug */,
				67C1DE5724C7D6E700C36EEC /* Release */,
			);
			defaultConfigurationIsVisible = 0;
			defaultConfigurationName = Release;
		};
		67C1DE5824C7D6E700C36EEC /* Build configuration list for PBXNativeTarget "YouChooseNews" */ = {
			isa = XCConfigurationList;
			buildConfigurations = (
				67C1DE5924C7D6E700C36EEC /* Debug */,
				67C1DE5A24C7D6E700C36EEC /* Release */,
			);
			defaultConfigurationIsVisible = 0;
			defaultConfigurationName = Release;
		};
/* End XCConfigurationList section */
	};
	rootObject = 67C1DE3C24C7D6E400C36EEC /* Project object */;
}
